<Solution>
  <Project Path="AssetManage.Bll/AssetManage.Bll.csproj" Id="3fcc39a8-ab11-4d1f-8740-95e5d61f343d" />
  <Project Path="AssetManage.Api/AssetManage.Api.csproj" Id="d7e7492d-f170-4a4a-a7b4-a1430db3981f" />
  <Project Path="AssetManage.Dal/AssetManage.Dal.csproj" Id="240acde2-03ed-464b-aef8-24d6bdf56bc2" />
  <Project Path="AssetManage.Shared/AssetManage.Shared.csproj" Id="a6f49d52-3415-4d22-a1a7-acad3f475417" />
</Solution>
